// !$*UTF8*$!
{
	archiveVersion = 1;
	classes = {
	};
	objectVersion = 46;
	objects = {

/* Begin PBXFileReference section */
		88D848261F95163400AEF23A /* defaults.xcconfig */ = {isa = PBXFileReference; lastKnownFileType = text.xcconfig; path = defaults.xcconfig; sourceTree = "<group>"; };
		88D848271F95167200AEF23A /* defaults-debug.xcconfig */ = {isa = PBXFileReference; lastKnownFileType = text.xcconfig; path = "defaults-debug.xcconfig"; sourceTree = "<group>"; };
		88D848281F95167200AEF23A /* defaults-release.xcconfig */ = {isa = PBXFileReference; lastKnownFileType = text.xcconfig; path = "defaults-release.xcconfig"; sourceTree = "<group>"; };
/* End PBXFileReference section */

/* Begin PBXGroup section */
		88D848291F95167500AEF23A /* Configs */ = {
			isa = PBXGroup;
			children = (
				88D848261F95163400AEF23A /* defaults.xcconfig */,
				88D848271F95167200AEF23A /* defaults-debug.xcconfig */,
				88D848281F95167200AEF23A /* defaults-release.xcconfig */,
			);
			name = Configs;
			sourceTree = "<group>";
		};
		88F98B281ED76CAA00D57859 = {
			isa = PBXGroup;
			children = (
				88D848291F95167500AEF23A /* Configs */,
				88F98B321ED76CAA00D57859 /* Products */,
			);
			sourceTree = "<group>";
		};
		88F98B321ED76CAA00D57859 /* Products */ = {
			isa = PBXGroup;
			children = (
			);
			name = Products;
			sourceTree = "<group>";
		};
/* End PBXGroup section */

/* Begin PBXProject section */
		88F98B291ED76CAA00D57859 /* Project object */ = {
			isa = PBXProject;
			attributes = {
				LastUpgradeCheck = 0900;
				ORGANIZATIONNAME = Toonetown;
			};
			buildConfigurationList = 88F98B2C1ED76CAA00D57859 /* Build configuration list for PBXProject "__qp_template__" */;
			compatibilityVersion = "Xcode 3.2";
			developmentRegion = English;
			hasScannedForEncodings = 0;
			knownRegions = (
				en,
			);
			mainGroup = 88F98B281ED76CAA00D57859;
			productRefGroup = 88F98B321ED76CAA00D57859 /* Products */;
			projectDirPath = "";
			projectRoot = "";
			targets = (
			);
		};
/* End PBXProject section */

/* Begin XCBuildConfiguration section */
		88F98B361ED76CAA00D57859 /* Debug */ = {
			isa = XCBuildConfiguration;
			baseConfigurationReference = 88D848271F95167200AEF23A /* defaults-debug.xcconfig */;
			buildSettings = {
				CLANG_ANALYZER_NONNULL = YES;
				CLANG_ANALYZER_NUMBER_OBJECT_CONVERSION = YES_AGGRESSIVE;
				CLANG_WARN_BLOCK_CAPTURE_AUTORELEASING = YES;
				CLANG_WARN_BOOL_CONVERSION = YES;
				CLANG_WARN_COMMA = YES;
				CLANG_WARN_CONSTANT_CONVERSION = YES;
				CLANG_WARN_DIRECT_OBJC_ISA_USAGE = YES_ERROR;
				CLANG_WARN_EMPTY_BODY = YES;
				CLANG_WARN_ENUM_CONVERSION = YES;
				CLANG_WARN_INFINITE_RECURSION = YES;
				CLANG_WARN_INT_CONVERSION = YES;
				CLANG_WARN_NON_LITERAL_NULL_CONVERSION = YES;
				CLANG_WARN_OBJC_LITERAL_CONVERSION = YES;
				CLANG_WARN_OBJC_ROOT_CLASS = YES_ERROR;
				CLANG_WARN_RANGE_LOOP_ANALYSIS = YES;
				CLANG_WARN_STRICT_PROTOTYPES = YES;
				CLANG_WARN_SUSPICIOUS_MOVE = YES;
				CLANG_WARN_UNREACHABLE_CODE = YES;
				CLANG_WARN__DUPLICATE_METHOD_MATCH = YES;
				GCC_WARN_64_TO_32_BIT_CONVERSION = YES;
				GCC_WARN_ABOUT_RETURN_TYPE = YES_ERROR;
				GCC_WARN_UNDECLARED_SELECTOR = YES;
				GCC_WARN_UNINITIALIZED_AUTOS = YES_AGGRESSIVE;
				GCC_WARN_UNUSED_FUNCTION = YES;
				GCC_WARN_UNUSED_VARIABLE = YES;
				LIBRARY_SEARCH_PATHS = (
					"$(BOOST_LIBDIR)",
					"$(inherited)",
				);
				SYSTEM_HEADER_SEARCH_PATHS = "$(BOOST_INCDIR) $(inherited)";
			};
			name = Debug;
		};
		88F98B371ED76CAA00D57859 /* Release */ = {
			isa = XCBuildConfiguration;
			baseConfigurationReference = 88D848281F95167200AEF23A /* defaults-release.xcconfig */;
			buildSettings = {
				CLANG_ANALYZER_NONNULL = YES;
				CLANG_ANALYZER_NUMBER_OBJECT_CONVERSION = YES_AGGRESSIVE;
				CLANG_WARN_BLOCK_CAPTURE_AUTORELEASING = YES;
				CLANG_WARN_BOOL_CONVERSION = YES;
				CLANG_WARN_COMMA = YES;
				CLANG_WARN_CONSTANT_CONVERSION = YES;
				CLANG_WARN_DIRECT_OBJC_ISA_USAGE = YES_ERROR;
				CLANG_WARN_EMPTY_BODY = YES;
				CLANG_WARN_ENUM_CONVERSION = YES;
				CLANG_WARN_INFINITE_RECURSION = YES;
				CLANG_WARN_INT_CONVERSION = YES;
				CLANG_WARN_NON_LITERAL_NULL_CONVERSION = YES;
				CLANG_WARN_OBJC_LITERAL_CONVERSION = YES;
				CLANG_WARN_OBJC_ROOT_CLASS = YES_ERROR;
				CLANG_WARN_RANGE_LOOP_ANALYSIS = YES;
				CLANG_WARN_STRICT_PROTOTYPES = YES;
				CLANG_WARN_SUSPICIOUS_MOVE = YES;
				CLANG_WARN_UNREACHABLE_CODE = YES;
				CLANG_WARN__DUPLICATE_METHOD_MATCH = YES;
				GCC_WARN_64_TO_32_BIT_CONVERSION = YES;
				GCC_WARN_ABOUT_RETURN_TYPE = YES_ERROR;
				GCC_WARN_UNDECLARED_SELECTOR = YES;
				GCC_WARN_UNINITIALIZED_AUTOS = YES_AGGRESSIVE;
				GCC_WARN_UNUSED_FUNCTION = YES;
				GCC_WARN_UNUSED_VARIABLE = YES;
				LIBRARY_SEARCH_PATHS = (
					"$(BOOST_LIBDIR)",
					"$(inherited)",
				);
				SYSTEM_HEADER_SEARCH_PATHS = "$(BOOST_INCDIR) $(inherited)";
			};
			name = Release;
		};
/* End XCBuildConfiguration section */

/* Begin XCConfigurationList section */
		88F98B2C1ED76CAA00D57859 /* Build configuration list for PBXProject "__qp_template__" */ = {
			isa = XCConfigurationList;
			buildConfigurations = (
				88F98B361ED76CAA00D57859 /* Debug */,
				88F98B371ED76CAA00D57859 /* Release */,
			);
			defaultConfigurationIsVisible = 0;
			defaultConfigurationName = Release;
		};
/* End XCConfigurationList section */
	};
	rootObject = 88F98B291ED76CAA00D57859 /* Project object */;
}
